
Microsoft Visual Studio Solution File, Format Version 12.00
# Visual Studio Version 17
VisualStudioVersion = 17.2.32616.157
MinimumVisualStudioVersion = 10.0.40219.1
Project("{FAE04EC0-301F-11D3-BF4B-00C04F79EFBC}") = "File_Upload", "File_Upload\File_Upload.csproj", "{7167EE40-0F8C-4178-AB4D-4914E2E11EDD}"
EndProject
Global
	GlobalSection(SolutionConfigurationPlatforms) = preSolution
		Debug|Any CPU = Debug|Any CPU
		Release|Any CPU = Release|Any CPU
	EndGlobalSection
	GlobalSection(ProjectConfigurationPlatforms) = postSolution
		{7167EE40-0F8C-4178-AB4D-4914E2E11EDD}.Debug|Any CPU.ActiveCfg = Debug|Any CPU
		{7167EE40-0F8C-4178-AB4D-4914E2E11EDD}.Debug|Any CPU.Build.0 = Debug|Any CPU
		{7167EE40-0F8C-4178-AB4D-4914E2E11EDD}.Release|Any CPU.ActiveCfg = Release|Any CPU
		{7167EE40-0F8C-4178-AB4D-4914E2E11EDD}.Release|Any CPU.Build.0 = Release|Any CPU
	EndGlobalSection
	GlobalSection(SolutionProperties) = preSolution
		HideSolutionNode = FALSE
	EndGlobalSection
	GlobalSection(ExtensibilityGlobals) = postSolution
		SolutionGuid = {76A67CEC-B1CF-4072-8F0F-313BE7FD47B2}
	EndGlobalSection
EndGlobal
